{"1.1.0",
[{<<"clique">>,
  {git,"https://github.com/helium/clique.git",
       {ref,"e327ba3058004c32dd2166416a60497ba87933af"}},
  0},
 {<<"connman">>,
  {git,"https://github.com/helium/ebus-connman",
       {ref,"e66075f208fd00c86d3799eb550c79f56569516a"}},
  0},
 {<<"cuttlefish">>,
  {git,"https://github.com/helium/cuttlefish.git",
       {ref,"8672838e8f4ef61602aee6e4ff97ec9be54031dc"}},
  1},
 {<<"dogstatsd">>,{pkg,<<"dogstatsde">>,<<"1.0.0">>},0},
 {<<"ebus">>,
  {git,"https://github.com/helium/ebus",
       {ref,"cb4e03aed10501ae950e5f08fc20ae24a75444b8"}},
  0},
 {<<"erlang_ale">>,
  {git,"https://github.com/helium/erlang_ale",
       {ref,"7446b2df79411992e8efc34325e35437dcf536c1"}},
  1},
 {<<"gatt">>,
  {git,"https://github.com/helium/ebus-gatt",
       {ref,"d1e0b6ba67a8504a2bb777015602e90b41b4b4e6"}},
  0},
 {<<"getopt">>,{pkg,<<"getopt">>,<<"1.0.1">>},2},
 {<<"goldrush">>,{pkg,<<"goldrush">>,<<"0.1.9">>},1},
 {<<"h3">>,
  {git,"https://github.com/helium/erlang-h3.git",
       {ref,"584d6b20f5b64c8c0a3570d23bebcea2537d68bc"}},
  0},
 {<<"lager">>,{pkg,<<"lager">>,<<"3.6.7">>},0},
 {<<"stillir">>,{pkg,<<"stillir">>,<<"1.0.0">>},1},
 {<<"ubx">>,
  {git,"https://github.com/helium/erlang-ubx",
       {ref,"4608123be729527bf2ac130f295109e89f4f4c44"}},
  0},
 {<<"worker_pool">>,{pkg,<<"worker_pool">>,<<"3.1.1">>},1}]}.
[
{pkg_hash,[
 {<<"dogstatsd">>, <<"8A88D121826D4ADF4722E038EEAE5357498F31C3A846ADD30B2F1C6754CC4741">>},
 {<<"getopt">>, <<"C73A9FA687B217F2FF79F68A3B637711BB1936E712B521D8CE466B29CBF7808A">>},
 {<<"goldrush">>, <<"F06E5D5F1277DA5C413E84D5A2924174182FB108DABB39D5EC548B27424CD106">>},
 {<<"lager">>, <<"2FBF823944CAA0FC10DF5EC13F3F047524A249BB32F0D801B7900C9610264286">>},
 {<<"stillir">>, <<"9E77EAADD2418A61EC7398C01E29DEA26D14F51C42E0B309084493E3ED33337A">>},
 {<<"worker_pool">>, <<"A9BF27CFF366999784A3F0657F016CE3A57901490858CCA3FB3BE1208BF2110D">>}]}
].
