{"1.2.0",
[{<<"base32">>,{pkg,<<"base32">>,<<"0.1.0">>},2},
 {<<"clique">>,
  {git,"https://github.com/helium/clique.git",
       {ref,"e4be0dae150061bec080502ed530091672880867"}},
  0},
 {<<"connman">>,
  {git,"https://github.com/helium/ebus-connman",
       {ref,"0e41b522598bea885a9770fc538ca013c5c384b8"}},
  0},
 {<<"cowlib">>,
  {git,"https://github.com/ninenines/cowlib",
       {ref,"ce6798c6b2e95b6a34c6a76d2489eaf159827d80"}},
  1},
 {<<"cuttlefish">>,
  {git,"https://github.com/helium/cuttlefish.git",
       {ref,"8672838e8f4ef61602aee6e4ff97ec9be54031dc"}},
  1},
 {<<"dep_http2_client">>,
  {git,"https://github.com/Bluehouse-Technology/http2_client",
       {ref,"8a6faf3ef1e0f3bb480d52d34ef5181258e99302"}},
  1},
 {<<"ebus">>,
  {git,"https://github.com/helium/ebus",
       {ref,"e49d7845c8c1e19961e529fc8a7fb61eec9973c6"}},
  1},
 {<<"ecc_compact">>,{pkg,<<"ecc_compact">>,<<"1.1.1">>},1},
 {<<"enacl">>,
  {git,"https://github.com/helium/enacl",
       {ref,"efb74b1af1df7f46f6ade488f16ec365af3ce47f"}},
  1},
 {<<"erl_base58">>,{pkg,<<"erl_base58">>,<<"0.0.1">>},1},
 {<<"erlang_ale">>,
  {git,"https://github.com/helium/erlang_ale",
       {ref,"07e10e656693f07a0d577f3651e76e52680c3768"}},
  0},
 {<<"gatt">>,
  {git,"https://github.com/helium/ebus-gatt",
       {ref,"92732d7d7c153e46f4a7b9bde46c676b8d8476fd"}},
  0},
 {<<"getopt">>,{pkg,<<"getopt">>,<<"1.0.1">>},2},
 {<<"goldrush">>,{pkg,<<"goldrush">>,<<"0.1.9">>},1},
 {<<"gpb">>,{pkg,<<"gpb">>,<<"4.19.5">>},2},
 {<<"grpc_client">>,
  {git,"https://github.com/Bluehouse-Technology/grpc_client.git",
       {ref,"f29516eaf590c63c0c300f98c9b75feff24f8351"}},
  0},
 {<<"grpc_lib">>,
  {git,"https://github.com/Bluehouse-Technology/grpc_lib",
       {ref,"a77686b55b60b052d6c7cd927d04dde429bbdabf"}},
  1},
 {<<"h3">>,
  {git,"https://github.com/helium/erlang-h3.git",
       {ref,"90e1b6ebf93f88702ce8d24d9142833a8401e3ab"}},
  0},
 {<<"helium_proto">>,
  {git,"https://github.com/helium/proto.git",
       {ref,"5b649b1b1e23002826c1d252a0646fc5a7328578"}},
  0},
 {<<"http2_client">>,
  {git,"https://github.com/Bluehouse-Technology/http2_client.git",
       {ref,"8a6faf3ef1e0f3bb480d52d34ef5181258e99302"}},
  0},
 {<<"lager">>,{pkg,<<"lager">>,<<"3.9.2">>},0},
 {<<"libp2p_crypto">>,
  {git,"https://github.com/helium/libp2p_crypto.git",
       {ref,"a969bb7affc7d3fa1472aef80d736c467d3f6d45"}},
  0},
 {<<"multiaddr">>,{pkg,<<"multiaddr">>,<<"1.1.3">>},1},
 {<<"multihash">>,{pkg,<<"multihash">>,<<"2.1.0">>},1},
 {<<"small_ints">>,{pkg,<<"small_ints">>,<<"0.1.0">>},2}]}.
[
{pkg_hash,[
 {<<"base32">>, <<"044F6DC95709727CA2176F3E97A41DDAA76B5BC690D3536908618C0CB32616A2">>},
 {<<"ecc_compact">>, <<"D45197DB76EEBD22B144552795C1950DD07B013D591EA2C3A8DE22F8EE6C132B">>},
 {<<"erl_base58">>, <<"37710854461D71DF338E73C65776302DB41C4BAB4674D2EC134ED7BCFC7B5552">>},
 {<<"getopt">>, <<"C73A9FA687B217F2FF79F68A3B637711BB1936E712B521D8CE466B29CBF7808A">>},
 {<<"goldrush">>, <<"F06E5D5F1277DA5C413E84D5A2924174182FB108DABB39D5EC548B27424CD106">>},
 {<<"gpb">>, <<"FF9D434308FD205C07B662A86C37E9579A8C9A04AD511D2C4DD63430A59F4729">>},
 {<<"lager">>, <<"4CAB289120EB24964E3886BD22323CB5FEFE4510C076992A23AD18CF85413D8C">>},
 {<<"multiaddr">>, <<"978E58E28F6FACAF428C87AF933612B1E2F3F2775F1794EDA5E831A4EACD2984">>},
 {<<"multihash">>, <<"F084F7C6BEC062F0C0E82AE18CFDC8DAEC8F4FAA4C8E1ACE0B9C676A9323162F">>},
 {<<"small_ints">>, <<"82A824C8794A2DDC73CB5CD00EAD11331DB296521AD16A619C13D668572B868A">>}]},
{pkg_hash_ext,[
 {<<"base32">>, <<"10A73951D857D8CB1ECEEA8EB96C6941F6A76E105947AD09C2B73977DEE07638">>},
 {<<"ecc_compact">>, <<"86F8A8A33141C5390D72BDC2CE4D79B8CC74463A80D263A44FC988D353269504">>},
 {<<"erl_base58">>, <<"41E8EC356C5C5558A45682F61F80725789AE9A11BD1CC7D5C73CDE1E3B546DD2">>},
 {<<"getopt">>, <<"53E1AB83B9CEB65C9672D3E7A35B8092E9BDC9B3EE80721471A161C10C59959C">>},
 {<<"goldrush">>, <<"99CB4128CFFCB3227581E5D4D803D5413FA643F4EB96523F77D9E6937D994CEB">>},
 {<<"gpb">>, <<"21B76750D66B459CE40CB14298FB38EF8E0161D9B672A5284585C02563806F8E">>},
 {<<"lager">>, <<"7F904D9E87A8CB7E66156ED31768D1C8E26EBA1D54F4BC85B1AA4AC1F6340C28">>},
 {<<"multiaddr">>, <<"980D3EA5EB0EB2EFC51E3D10953F17447D417C49BD2FCD7FC6A2A42D1F66D5EE">>},
 {<<"multihash">>, <<"E73AD5D0099DBFFB4EE429A78436B605AFE2530ED684AB36BB86733AB65707C8">>},
 {<<"small_ints">>, <<"00B3BFF6C446711F8EA4EA942056F375E0F13C7983CC3950C6EA1DE014C7C416">>}]}
].
