{"1.2.0",
[{<<"acceptor_pool">>,{pkg,<<"acceptor_pool">>,<<"1.0.0">>},1},
 {<<"chatterbox">>,
  {git,"https://github.com/andymck/chatterbox",
       {ref,"b56a2a08b8a31b7ab0d536e5e8a55d5abe70390f"}},
  1},
 {<<"clique">>,
  {git,"https://github.com/helium/clique.git",
       {ref,"e4be0dae150061bec080502ed530091672880867"}},
  0},
 {<<"connman">>,
  {git,"https://github.com/helium/ebus-connman",
       {ref,"0e41b522598bea885a9770fc538ca013c5c384b8"}},
  0},
 {<<"cowlib">>,
  {git,"https://github.com/ninenines/cowlib",
       {ref,"ce6798c6b2e95b6a34c6a76d2489eaf159827d80"}},
  1},
 {<<"ctx">>,{pkg,<<"ctx">>,<<"0.6.0">>},1},
 {<<"cuttlefish">>,
  {git,"https://github.com/helium/cuttlefish.git",
       {ref,"8672838e8f4ef61602aee6e4ff97ec9be54031dc"}},
  1},
 {<<"dep_http2_client">>,
  {git,"https://github.com/Bluehouse-Technology/http2_client",
       {ref,"8a6faf3ef1e0f3bb480d52d34ef5181258e99302"}},
  1},
 {<<"ebus">>,
  {git,"https://github.com/helium/ebus",
       {ref,"e49d7845c8c1e19961e529fc8a7fb61eec9973c6"}},
  1},
 {<<"erlang_ale">>,
  {git,"https://github.com/helium/erlang_ale",
       {ref,"07e10e656693f07a0d577f3651e76e52680c3768"}},
  0},
 {<<"gatt">>,
  {git,"https://github.com/helium/ebus-gatt",
       {ref,"92732d7d7c153e46f4a7b9bde46c676b8d8476fd"}},
  0},
 {<<"getopt">>,{pkg,<<"getopt">>,<<"1.0.1">>},2},
 {<<"goldrush">>,{pkg,<<"goldrush">>,<<"0.1.9">>},1},
 {<<"gpb">>,{pkg,<<"gpb">>,<<"4.19.5">>},2},
 {<<"gproc">>,{pkg,<<"gproc">>,<<"0.8.0">>},1},
 {<<"grpc_client">>,
  {git,"https://github.com/Bluehouse-Technology/grpc_client.git",
       {ref,"f29516eaf590c63c0c300f98c9b75feff24f8351"}},
  0},
 {<<"grpc_lib">>,
  {git,"https://github.com/Bluehouse-Technology/grpc_lib",
       {ref,"a77686b55b60b052d6c7cd927d04dde429bbdabf"}},
  1},
 {<<"grpcbox">>,
  {git,"https://github.com/andymck/grpcbox.git",
       {ref,"fbf689bb9c25fc2943155c891974e1f745ce5ac7"}},
  0},
 {<<"h3">>,
  {git,"https://github.com/helium/erlang-h3.git",
       {ref,"90e1b6ebf93f88702ce8d24d9142833a8401e3ab"}},
  0},
 {<<"helium_proto">>,
  {git,"https://github.com/helium/proto.git",
       {ref,"05460b28dc49747b863310c03a3ddf13db3c01df"}},
  0},
 {<<"hpack">>,{pkg,<<"hpack_erl">>,<<"0.2.3">>},2},
 {<<"http2_client">>,
  {git,"https://github.com/Bluehouse-Technology/http2_client.git",
       {ref,"8a6faf3ef1e0f3bb480d52d34ef5181258e99302"}},
  0},
 {<<"lager">>,{pkg,<<"lager">>,<<"3.9.2">>},0}]}.
[
{pkg_hash,[
 {<<"acceptor_pool">>, <<"43C20D2ACAE35F0C2BCD64F9D2BDE267E459F0F3FD23DAB26485BF518C281B21">>},
 {<<"ctx">>, <<"8FF88B70E6400C4DF90142E7F130625B82086077A45364A78D208ED3ED53C7FE">>},
 {<<"getopt">>, <<"C73A9FA687B217F2FF79F68A3B637711BB1936E712B521D8CE466B29CBF7808A">>},
 {<<"goldrush">>, <<"F06E5D5F1277DA5C413E84D5A2924174182FB108DABB39D5EC548B27424CD106">>},
 {<<"gpb">>, <<"FF9D434308FD205C07B662A86C37E9579A8C9A04AD511D2C4DD63430A59F4729">>},
 {<<"gproc">>, <<"CEA02C578589C61E5341FCE149EA36CCEF236CC2ECAC8691FBA408E7EA77EC2F">>},
 {<<"hpack">>, <<"17670F83FF984AE6CD74B1C456EDDE906D27FF013740EE4D9EFAA4F1BF999633">>},
 {<<"lager">>, <<"4CAB289120EB24964E3886BD22323CB5FEFE4510C076992A23AD18CF85413D8C">>}]},
{pkg_hash_ext,[
 {<<"acceptor_pool">>, <<"0CBCD83FDC8B9AD2EEE2067EF8B91A14858A5883CB7CD800E6FCD5803E158788">>},
 {<<"ctx">>, <<"A14ED2D1B67723DBEBBE423B28D7615EB0BDCBA6FF28F2D1F1B0A7E1D4AA5FC2">>},
 {<<"getopt">>, <<"53E1AB83B9CEB65C9672D3E7A35B8092E9BDC9B3EE80721471A161C10C59959C">>},
 {<<"goldrush">>, <<"99CB4128CFFCB3227581E5D4D803D5413FA643F4EB96523F77D9E6937D994CEB">>},
 {<<"gpb">>, <<"21B76750D66B459CE40CB14298FB38EF8E0161D9B672A5284585C02563806F8E">>},
 {<<"gproc">>, <<"580ADAFA56463B75263EF5A5DF4C86AF321F68694E7786CB057FD805D1E2A7DE">>},
 {<<"hpack">>, <<"06F580167C4B8B8A6429040DF36CC93BBA6D571FAEAEC1B28816523379CBB23A">>},
 {<<"lager">>, <<"7F904D9E87A8CB7E66156ED31768D1C8E26EBA1D54F4BC85B1AA4AC1F6340C28">>}]}
].
